
Microsoft Visual Studio Solution File, Format Version 12.00
# Visual Studio Version 17
VisualStudioVersion = 17.2.32526.322
MinimumVisualStudioVersion = 10.0.40219.1
Project("{FAE04EC0-301F-11D3-BF4B-00C04F79EFBC}") = "Lab06_Kushnirenko", "Lab06_Kushnirenko\Lab06_Kushnirenko.csproj", "{30859C97-19D3-4DD9-AB73-49B1C8D4EB97}"
EndProject
Global
	GlobalSection(SolutionConfigurationPlatforms) = preSolution
		Debug|Any CPU = Debug|Any CPU
		Release|Any CPU = Release|Any CPU
	EndGlobalSection
	GlobalSection(ProjectConfigurationPlatforms) = postSolution
		{30859C97-19D3-4DD9-AB73-49B1C8D4EB97}.Debug|Any CPU.ActiveCfg = Debug|Any CPU
		{30859C97-19D3-4DD9-AB73-49B1C8D4EB97}.Debug|Any CPU.Build.0 = Debug|Any CPU
		{30859C97-19D3-4DD9-AB73-49B1C8D4EB97}.Release|Any CPU.ActiveCfg = Release|Any CPU
		{30859C97-19D3-4DD9-AB73-49B1C8D4EB97}.Release|Any CPU.Build.0 = Release|Any CPU
	EndGlobalSection
	GlobalSection(SolutionProperties) = preSolution
		HideSolutionNode = FALSE
	EndGlobalSection
	GlobalSection(ExtensibilityGlobals) = postSolution
		SolutionGuid = {A449C3FB-1061-40FA-BBD9-707753F28261}
	EndGlobalSection
EndGlobal
